Microsoft Visual Studio Solution File, Format Version 12.00
# Visual Studio Version 17
VisualStudioVersion = 17.5.2.0
MinimumVisualStudioVersion = 10.0.40219.1
Project("{FAE04EC0-301F-11D3-BF4B-00C04F79EFBC}") = "nitimaSoftware", "nitimaSoftware.csproj", "{35B97E7E-AF9B-C9B7-BF1B-DC94285E0A59}"
EndProject
Global
	GlobalSection(SolutionConfigurationPlatforms) = preSolution
		Debug|Any CPU = Debug|Any CPU
		Release|Any CPU = Release|Any CPU
	EndGlobalSection
	GlobalSection(ProjectConfigurationPlatforms) = postSolution
		{35B97E7E-AF9B-C9B7-BF1B-DC94285E0A59}.Debug|Any CPU.ActiveCfg = Debug|Any CPU
		{35B97E7E-AF9B-C9B7-BF1B-DC94285E0A59}.Debug|Any CPU.Build.0 = Debug|Any CPU
		{35B97E7E-AF9B-C9B7-BF1B-DC94285E0A59}.Release|Any CPU.ActiveCfg = Release|Any CPU
		{35B97E7E-AF9B-C9B7-BF1B-DC94285E0A59}.Release|Any CPU.Build.0 = Release|Any CPU
	EndGlobalSection
	GlobalSection(SolutionProperties) = preSolution
		HideSolutionNode = FALSE
	EndGlobalSection
	GlobalSection(ExtensibilityGlobals) = postSolution
		SolutionGuid = {11575062-4DF1-4161-8055-518C9ADF5F9D}
	EndGlobalSection
EndGlobal
